// !$*UTF8*$!
{
	archiveVersion = 1;
	classes = {
	};
	objectVersion = 50;
	objects = {

/* Begin PBXBuildFile section */
		EF07558E2614FD2B00EB5DB0 /* TableViewController.swift in Sources */ = {isa = PBXBuildFile; fileRef = EF07558D2614FD2B00EB5DB0 /* TableViewController.swift */; };
		EF0755912614FD8000EB5DB0 /* Segue.swift in Sources */ = {isa = PBXBuildFile; fileRef = EF0755902614FD8000EB5DB0 /* Segue.swift */; };
		EF0755942615E9C400EB5DB0 /* Model.swift in Sources */ = {isa = PBXBuildFile; fileRef = EF0755932615E9C400EB5DB0 /* Model.swift */; };
		EF0755982615EBF400EB5DB0 /* TableViewCell.swift in Sources */ = {isa = PBXBuildFile; fileRef = EF0755972615EBF400EB5DB0 /* TableViewCell.swift */; };
		EFE2BB692614B3F100841126 /* AppDelegate.swift in Sources */ = {isa = PBXBuildFile; fileRef = EFE2BB682614B3F100841126 /* AppDelegate.swift */; };
		EFE2BB6B2614B3F100841126 /* SceneDelegate.swift in Sources */ = {isa = PBXBuildFile; fileRef = EFE2BB6A2614B3F100841126 /* SceneDelegate.swift */; };
		EFE2BB6D2614B3F100841126 /* ViewController.swift in Sources */ = {isa = PBXBuildFile; fileRef = EFE2BB6C2614B3F100841126 /* ViewController.swift */; };
		EFE2BB702614B3F100841126 /* Main.storyboard in Resources */ = {isa = PBXBuildFile; fileRef = EFE2BB6E2614B3F100841126 /* Main.storyboard */; };
		EFE2BB722614B3F200841126 /* Assets.xcassets in Resources */ = {isa = PBXBuildFile; fileRef = EFE2BB712614B3F200841126 /* Assets.xcassets */; };
		EFE2BB752614B3F200841126 /* LaunchScreen.storyboard in Resources */ = {isa = PBXBuildFile; fileRef = EFE2BB732614B3F200841126 /* LaunchScreen.storyboard */; };
/* End PBXBuildFile section */

/* Begin PBXFileReference section */
		EF07558D2614FD2B00EB5DB0 /* TableViewController.swift */ = {isa = PBXFileReference; lastKnownFileType = sourcecode.swift; path = TableViewController.swift; sourceTree = "<group>"; };
		EF0755902614FD8000EB5DB0 /* Segue.swift */ = {isa = PBXFileReference; lastKnownFileType = sourcecode.swift; path = Segue.swift; sourceTree = "<group>"; };
		EF0755932615E9C400EB5DB0 /* Model.swift */ = {isa = PBXFileReference; lastKnownFileType = sourcecode.swift; path = Model.swift; sourceTree = "<group>"; };
		EF0755972615EBF400EB5DB0 /* TableViewCell.swift */ = {isa = PBXFileReference; lastKnownFileType = sourcecode.swift; path = TableViewCell.swift; sourceTree = "<group>"; };
		EFE2BB652614B3F100841126 /* UIAnimation.app */ = {isa = PBXFileReference; explicitFileType = wrapper.application; includeInIndex = 0; path = UIAnimation.app; sourceTree = BUILT_PRODUCTS_DIR; };
		EFE2BB682614B3F100841126 /* AppDelegate.swift */ = {isa = PBXFileReference; lastKnownFileType = sourcecode.swift; path = AppDelegate.swift; sourceTree = "<group>"; };
		EFE2BB6A2614B3F100841126 /* SceneDelegate.swift */ = {isa = PBXFileReference; lastKnownFileType = sourcecode.swift; path = SceneDelegate.swift; sourceTree = "<group>"; };
		EFE2BB6C2614B3F100841126 /* ViewController.swift */ = {isa = PBXFileReference; lastKnownFileType = sourcecode.swift; path = ViewController.swift; sourceTree = "<group>"; };
		EFE2BB6F2614B3F100841126 /* Base */ = {isa = PBXFileReference; lastKnownFileType = file.storyboard; name = Base; path = Base.lproj/Main.storyboard; sourceTree = "<group>"; };
		EFE2BB712614B3F200841126 /* Assets.xcassets */ = {isa = PBXFileReference; lastKnownFileType = folder.assetcatalog; path = Assets.xcassets; sourceTree = "<group>"; };
		EFE2BB742614B3F200841126 /* Base */ = {isa = PBXFileReference; lastKnownFileType = file.storyboard; name = Base; path = Base.lproj/LaunchScreen.storyboard; sourceTree = "<group>"; };
		EFE2BB762614B3F200841126 /* Info.plist */ = {isa = PBXFileReference; lastKnownFileType = text.plist.xml; path = Info.plist; sourceTree = "<group>"; };
/* End PBXFileReference section */

/* Begin PBXFrameworksBuildPhase section */
		EFE2BB622614B3F100841126 /* Frameworks */ = {
			isa = PBXFrameworksBuildPhase;
			buildActionMask = 2147483647;
			files = (
			);
			runOnlyForDeploymentPostprocessing = 0;
		};
/* End PBXFrameworksBuildPhase section */

/* Begin PBXGroup section */
		EFE2BB5C2614B3F100841126 = {
			isa = PBXGroup;
			children = (
				EFE2BB672614B3F100841126 /* UIAnimation */,
				EFE2BB662614B3F100841126 /* Products */,
			);
			sourceTree = "<group>";
		};
		EFE2BB662614B3F100841126 /* Products */ = {
			isa = PBXGroup;
			children = (
				EFE2BB652614B3F100841126 /* UIAnimation.app */,
			);
			name = Products;
			sourceTree = "<group>";
		};
		EFE2BB672614B3F100841126 /* UIAnimation */ = {
			isa = PBXGroup;
			children = (
				EFE2BB682614B3F100841126 /* AppDelegate.swift */,
				EF0755932615E9C400EB5DB0 /* Model.swift */,
				EFE2BB6A2614B3F100841126 /* SceneDelegate.swift */,
				EFE2BB6C2614B3F100841126 /* ViewController.swift */,
				EF07558D2614FD2B00EB5DB0 /* TableViewController.swift */,
				EF0755972615EBF400EB5DB0 /* TableViewCell.swift */,
				EF0755902614FD8000EB5DB0 /* Segue.swift */,
				EFE2BB6E2614B3F100841126 /* Main.storyboard */,
				EFE2BB712614B3F200841126 /* Assets.xcassets */,
				EFE2BB732614B3F200841126 /* LaunchScreen.storyboard */,
				EFE2BB762614B3F200841126 /* Info.plist */,
			);
			path = UIAnimation;
			sourceTree = "<group>";
		};
/* End PBXGroup section */

/* Begin PBXNativeTarget section */
		EFE2BB642614B3F100841126 /* UIAnimation */ = {
			isa = PBXNativeTarget;
			buildConfigurationList = EFE2BB792614B3F200841126 /* Build configuration list for PBXNativeTarget "UIAnimation" */;
			buildPhases = (
				EFE2BB612614B3F100841126 /* Sources */,
				EFE2BB622614B3F100841126 /* Frameworks */,
				EFE2BB632614B3F100841126 /* Resources */,
			);
			buildRules = (
			);
			dependencies = (
			);
			name = UIAnimation;
			productName = UIAnimation;
			productReference = EFE2BB652614B3F100841126 /* UIAnimation.app */;
			productType = "com.apple.product-type.application";
		};
/* End PBXNativeTarget section */

/* Begin PBXProject section */
		EFE2BB5D2614B3F100841126 /* Project object */ = {
			isa = PBXProject;
			attributes = {
				LastSwiftUpdateCheck = 1240;
				LastUpgradeCheck = 1240;
				TargetAttributes = {
					EFE2BB642614B3F100841126 = {
						CreatedOnToolsVersion = 12.4;
					};
				};
			};
			buildConfigurationList = EFE2BB602614B3F100841126 /* Build configuration list for PBXProject "UIAnimation" */;
			compatibilityVersion = "Xcode 9.3";
			developmentRegion = en;
			hasScannedForEncodings = 0;
			knownRegions = (
				en,
				Base,
			);
			mainGroup = EFE2BB5C2614B3F100841126;
			productRefGroup = EFE2BB662614B3F100841126 /* Products */;
			projectDirPath = "";
			projectRoot = "";
			targets = (
				EFE2BB642614B3F100841126 /* UIAnimation */,
			);
		};
/* End PBXProject section */

/* Begin PBXResourcesBuildPhase section */
		EFE2BB632614B3F100841126 /* Resources */ = {
			isa = PBXResourcesBuildPhase;
			buildActionMask = 2147483647;
			files = (
				EFE2BB752614B3F200841126 /* LaunchScreen.storyboard in Resources */,
				EFE2BB722614B3F200841126 /* Assets.xcassets in Resources */,
				EFE2BB702614B3F100841126 /* Main.storyboard in Resources */,
			);
			runOnlyForDeploymentPostprocessing = 0;
		};
/* End PBXResourcesBuildPhase section */

/* Begin PBXSourcesBuildPhase section */
		EFE2BB612614B3F100841126 /* Sources */ = {
			isa = PBXSourcesBuildPhase;
			buildActionMask = 2147483647;
			files = (
				EFE2BB6D2614B3F100841126 /* ViewController.swift in Sources */,
				EFE2BB692614B3F100841126 /* AppDelegate.swift in Sources */,
				EFE2BB6B2614B3F100841126 /* SceneDelegate.swift in Sources */,
				EF0755942615E9C400EB5DB0 /* Model.swift in Sources */,
				EF0755912614FD8000EB5DB0 /* Segue.swift in Sources */,
				EF0755982615EBF400EB5DB0 /* TableViewCell.swift in Sources */,
				EF07558E2614FD2B00EB5DB0 /* TableViewController.swift in Sources */,
			);
			runOnlyForDeploymentPostprocessing = 0;
		};
/* End PBXSourcesBuildPhase section */

/* Begin PBXVariantGroup section */
		EFE2BB6E2614B3F100841126 /* Main.storyboard */ = {
			isa = PBXVariantGroup;
			children = (
				EFE2BB6F2614B3F100841126 /* Base */,
			);
			name = Main.storyboard;
			sourceTree = "<group>";
		};
		EFE2BB732614B3F200841126 /* LaunchScreen.storyboard */ = {
			isa = PBXVariantGroup;
			children = (
				EFE2BB742614B3F200841126 /* Base */,
			);
			name = LaunchScreen.storyboard;
			sourceTree = "<group>";
		};
/* End PBXVariantGroup section */

/* Begin XCBuildConfiguration section */
		EFE2BB772614B3F200841126 /* Debug */ = {
			isa = XCBuildConfiguration;
			buildSettings = {
				ALWAYS_SEARCH_USER_PATHS = NO;
				CLANG_ANALYZER_NONNULL = YES;
				CLANG_ANALYZER_NUMBER_OBJECT_CONVERSION = YES_AGGRESSIVE;
				CLANG_CXX_LANGUAGE_STANDARD = "gnu++14";
				CLANG_CXX_LIBRARY = "libc++";
				CLANG_ENABLE_MODULES = YES;
				CLANG_ENABLE_OBJC_ARC = YES;
				CLANG_ENABLE_OBJC_WEAK = YES;
				CLANG_WARN_BLOCK_CAPTURE_AUTORELEASING = YES;
				CLANG_WARN_BOOL_CONVERSION = YES;
				CLANG_WARN_COMMA = YES;
				CLANG_WARN_CONSTANT_CONVERSION = YES;
				CLANG_WARN_DEPRECATED_OBJC_IMPLEMENTATIONS = YES;
				CLANG_WARN_DIRECT_OBJC_ISA_USAGE = YES_ERROR;
				CLANG_WARN_DOCUMENTATION_COMMENTS = YES;
				CLANG_WARN_EMPTY_BODY = YES;
				CLANG_WARN_ENUM_CONVERSION = YES;
				CLANG_WARN_INFINITE_RECURSION = YES;
				CLANG_WARN_INT_CONVERSION = YES;
				CLANG_WARN_NON_LITERAL_NULL_CONVERSION = YES;
				CLANG_WARN_OBJC_IMPLICIT_RETAIN_SELF = YES;
				CLANG_WARN_OBJC_LITERAL_CONVERSION = YES;
				CLANG_WARN_OBJC_ROOT_CLASS = YES_ERROR;
				CLANG_WARN_QUOTED_INCLUDE_IN_FRAMEWORK_HEADER = YES;
				CLANG_WARN_RANGE_LOOP_ANALYSIS = YES;
				CLANG_WARN_STRICT_PROTOTYPES = YES;
				CLANG_WARN_SUSPICIOUS_MOVE = YES;
				CLANG_WARN_UNGUARDED_AVAILABILITY = YES_AGGRESSIVE;
				CLANG_WARN_UNREACHABLE_CODE = YES;
				CLANG_WARN__DUPLICATE_METHOD_MATCH = YES;
				COPY_PHASE_STRIP = NO;
				DEBUG_INFORMATION_FORMAT = dwarf;
				ENABLE_STRICT_OBJC_MSGSEND = YES;
				ENABLE_TESTABILITY = YES;
				GCC_C_LANGUAGE_STANDARD = gnu11;
				GCC_DYNAMIC_NO_PIC = NO;
				GCC_NO_COMMON_BLOCKS = YES;
				GCC_OPTIMIZATION_LEVEL = 0;
				GCC_PREPROCESSOR_DEFINITIONS = (
					"DEBUG=1",
					"$(inherited)",
				);
				GCC_WARN_64_TO_32_BIT_CONVERSION = YES;
				GCC_WARN_ABOUT_RETURN_TYPE = YES_ERROR;
				GCC_WARN_UNDECLARED_SELECTOR = YES;
				GCC_WARN_UNINITIALIZED_AUTOS = YES_AGGRESSIVE;
				GCC_WARN_UNUSED_FUNCTION = YES;
				GCC_WARN_UNUSED_VARIABLE = YES;
				IPHONEOS_DEPLOYMENT_TARGET = 14.4;
				MTL_ENABLE_DEBUG_INFO = INCLUDE_SOURCE;
				MTL_FAST_MATH = YES;
				ONLY_ACTIVE_ARCH = YES;
				SDKROOT = iphoneos;
				SWIFT_ACTIVE_COMPILATION_CONDITIONS = DEBUG;
				SWIFT_OPTIMIZATION_LEVEL = "-Onone";
			};
			name = Debug;
		};
		EFE2BB782614B3F200841126 /* Release */ = {
			isa = XCBuildConfiguration;
			buildSettings = {
				ALWAYS_SEARCH_USER_PATHS = NO;
				CLANG_ANALYZER_NONNULL = YES;
				CLANG_ANALYZER_NUMBER_OBJECT_CONVERSION = YES_AGGRESSIVE;
				CLANG_CXX_LANGUAGE_STANDARD = "gnu++14";
				CLANG_CXX_LIBRARY = "libc++";
				CLANG_ENABLE_MODULES = YES;
				CLANG_ENABLE_OBJC_ARC = YES;
				CLANG_ENABLE_OBJC_WEAK = YES;
				CLANG_WARN_BLOCK_CAPTURE_AUTORELEASING = YES;
				CLANG_WARN_BOOL_CONVERSION = YES;
				CLANG_WARN_COMMA = YES;
				CLANG_WARN_CONSTANT_CONVERSION = YES;
				CLANG_WARN_DEPRECATED_OBJC_IMPLEMENTATIONS = YES;
				CLANG_WARN_DIRECT_OBJC_ISA_USAGE = YES_ERROR;
				CLANG_WARN_DOCUMENTATION_COMMENTS = YES;
				CLANG_WARN_EMPTY_BODY = YES;
				CLANG_WARN_ENUM_CONVERSION = YES;
				CLANG_WARN_INFINITE_RECURSION = YES;
				CLANG_WARN_INT_CONVERSION = YES;
				CLANG_WARN_NON_LITERAL_NULL_CONVERSION = YES;
				CLANG_WARN_OBJC_IMPLICIT_RETAIN_SELF = YES;
				CLANG_WARN_OBJC_LITERAL_CONVERSION = YES;
				CLANG_WARN_OBJC_ROOT_CLASS = YES_ERROR;
				CLANG_WARN_QUOTED_INCLUDE_IN_FRAMEWORK_HEADER = YES;
				CLANG_WARN_RANGE_LOOP_ANALYSIS = YES;
				CLANG_WARN_STRICT_PROTOTYPES = YES;
				CLANG_WARN_SUSPICIOUS_MOVE = YES;
				CLANG_WARN_UNGUARDED_AVAILABILITY = YES_AGGRESSIVE;
				CLANG_WARN_UNREACHABLE_CODE = YES;
				CLANG_WARN__DUPLICATE_METHOD_MATCH = YES;
				COPY_PHASE_STRIP = NO;
				DEBUG_INFORMATION_FORMAT = "dwarf-with-dsym";
				ENABLE_NS_ASSERTIONS = NO;
				ENABLE_STRICT_OBJC_MSGSEND = YES;
				GCC_C_LANGUAGE_STANDARD = gnu11;
				GCC_NO_COMMON_BLOCKS = YES;
				GCC_WARN_64_TO_32_BIT_CONVERSION = YES;
				GCC_WARN_ABOUT_RETURN_TYPE = YES_ERROR;
				GCC_WARN_UNDECLARED_SELECTOR = YES;
				GCC_WARN_UNINITIALIZED_AUTOS = YES_AGGRESSIVE;
				GCC_WARN_UNUSED_FUNCTION = YES;
				GCC_WARN_UNUSED_VARIABLE = YES;
				IPHONEOS_DEPLOYMENT_TARGET = 14.4;
				MTL_ENABLE_DEBUG_INFO = NO;
				MTL_FAST_MATH = YES;
				SDKROOT = iphoneos;
				SWIFT_COMPILATION_MODE = wholemodule;
				SWIFT_OPTIMIZATION_LEVEL = "-O";
				VALIDATE_PRODUCT = YES;
			};
			name = Release;
		};
		EFE2BB7A2614B3F200841126 /* Debug */ = {
			isa = XCBuildConfiguration;
			buildSettings = {
				ASSETCATALOG_COMPILER_APPICON_NAME = AppIcon;
				ASSETCATALOG_COMPILER_GLOBAL_ACCENT_COLOR_NAME = AccentColor;
				CODE_SIGN_STYLE = Automatic;
				DEVELOPMENT_TEAM = P76YZNMG67;
				INFOPLIST_FILE = UIAnimation/Info.plist;
				LD_RUNPATH_SEARCH_PATHS = (
					"$(inherited)",
					"@executable_path/Frameworks",
				);
				PRODUCT_BUNDLE_IDENTIFIER = TA.UIAnimation;
				PRODUCT_NAME = "$(TARGET_NAME)";
				SWIFT_VERSION = 5.0;
				TARGETED_DEVICE_FAMILY = "1,2";
			};
			name = Debug;
		};
		EFE2BB7B2614B3F200841126 /* Release */ = {
			isa = XCBuildConfiguration;
			buildSettings = {
				ASSETCATALOG_COMPILER_APPICON_NAME = AppIcon;
				ASSETCATALOG_COMPILER_GLOBAL_ACCENT_COLOR_NAME = AccentColor;
				CODE_SIGN_STYLE = Automatic;
				DEVELOPMENT_TEAM = P76YZNMG67;
				INFOPLIST_FILE = UIAnimation/Info.plist;
				LD_RUNPATH_SEARCH_PATHS = (
					"$(inherited)",
					"@executable_path/Frameworks",
				);
				PRODUCT_BUNDLE_IDENTIFIER = TA.UIAnimation;
				PRODUCT_NAME = "$(TARGET_NAME)";
				SWIFT_VERSION = 5.0;
				TARGETED_DEVICE_FAMILY = "1,2";
			};
			name = Release;
		};
/* End XCBuildConfiguration section */

/* Begin XCConfigurationList section */
		EFE2BB602614B3F100841126 /* Build configuration list for PBXProject "UIAnimation" */ = {
			isa = XCConfigurationList;
			buildConfigurations = (
				EFE2BB772614B3F200841126 /* Debug */,
				EFE2BB782614B3F200841126 /* Release */,
			);
			defaultConfigurationIsVisible = 0;
			defaultConfigurationName = Release;
		};
		EFE2BB792614B3F200841126 /* Build configuration list for PBXNativeTarget "UIAnimation" */ = {
			isa = XCConfigurationList;
			buildConfigurations = (
				EFE2BB7A2614B3F200841126 /* Debug */,
				EFE2BB7B2614B3F200841126 /* Release */,
			);
			defaultConfigurationIsVisible = 0;
			defaultConfigurationName = Release;
		};
/* End XCConfigurationList section */
	};
	rootObject = EFE2BB5D2614B3F100841126 /* Project object */;
}
